
Microsoft Visual Studio Solution File, Format Version 12.00
# Visual Studio Version 17
VisualStudioVersion = 17.8.34330.188
MinimumVisualStudioVersion = 10.0.40219.1
Project("{FAE04EC0-301F-11D3-BF4B-00C04F79EFBC}") = "program3", "program3\program3.csproj", "{ED667228-50DC-4A68-A935-7C3835614463}"
EndProject
Global
	GlobalSection(SolutionConfigurationPlatforms) = preSolution
		Debug|Any CPU = Debug|Any CPU
		Release|Any CPU = Release|Any CPU
	EndGlobalSection
	GlobalSection(ProjectConfigurationPlatforms) = postSolution
		{ED667228-50DC-4A68-A935-7C3835614463}.Debug|Any CPU.ActiveCfg = Debug|Any CPU
		{ED667228-50DC-4A68-A935-7C3835614463}.Debug|Any CPU.Build.0 = Debug|Any CPU
		{ED667228-50DC-4A68-A935-7C3835614463}.Release|Any CPU.ActiveCfg = Release|Any CPU
		{ED667228-50DC-4A68-A935-7C3835614463}.Release|Any CPU.Build.0 = Release|Any CPU
	EndGlobalSection
	GlobalSection(SolutionProperties) = preSolution
		HideSolutionNode = FALSE
	EndGlobalSection
	GlobalSection(ExtensibilityGlobals) = postSolution
		SolutionGuid = {27BE7A18-3022-469F-AB95-8E247D51ABF4}
	EndGlobalSection
EndGlobal
