
Microsoft Visual Studio Solution File, Format Version 12.00
# Visual Studio Version 17
VisualStudioVersion = 17.8.34330.188
MinimumVisualStudioVersion = 10.0.40219.1
Project("{FAE04EC0-301F-11D3-BF4B-00C04F79EFBC}") = "area-triangulo-intro-classe", "area-triangulo-intro-classe\area-triangulo-intro-classe.csproj", "{7264D35F-9782-4194-BE03-9C4378AE3B44}"
EndProject
Global
	GlobalSection(SolutionConfigurationPlatforms) = preSolution
		Debug|Any CPU = Debug|Any CPU
		Release|Any CPU = Release|Any CPU
	EndGlobalSection
	GlobalSection(ProjectConfigurationPlatforms) = postSolution
		{7264D35F-9782-4194-BE03-9C4378AE3B44}.Debug|Any CPU.ActiveCfg = Debug|Any CPU
		{7264D35F-9782-4194-BE03-9C4378AE3B44}.Debug|Any CPU.Build.0 = Debug|Any CPU
		{7264D35F-9782-4194-BE03-9C4378AE3B44}.Release|Any CPU.ActiveCfg = Release|Any CPU
		{7264D35F-9782-4194-BE03-9C4378AE3B44}.Release|Any CPU.Build.0 = Release|Any CPU
	EndGlobalSection
	GlobalSection(SolutionProperties) = preSolution
		HideSolutionNode = FALSE
	EndGlobalSection
	GlobalSection(ExtensibilityGlobals) = postSolution
		SolutionGuid = {7145FD03-EBC8-4E2C-B8BB-BE4772BDBA9B}
	EndGlobalSection
EndGlobal
